
Microsoft Visual Studio Solution File, Format Version 12.00
# Visual Studio Version 17
VisualStudioVersion = 17.1.31903.286
MinimumVisualStudioVersion = 10.0.40219.1
Project("{FAE04EC0-301F-11D3-BF4B-00C04F79EFBC}") = "CSharpTenFeatures", "CSharpTenFeatures\CSharpTenFeatures.csproj", "{8BF21C2D-5170-4657-8A00-EB51C2616765}"
EndProject
Global
	GlobalSection(SolutionConfigurationPlatforms) = preSolution
		Debug|Any CPU = Debug|Any CPU
		Release|Any CPU = Release|Any CPU
	EndGlobalSection
	GlobalSection(ProjectConfigurationPlatforms) = postSolution
		{8BF21C2D-5170-4657-8A00-EB51C2616765}.Debug|Any CPU.ActiveCfg = Debug|Any CPU
		{8BF21C2D-5170-4657-8A00-EB51C2616765}.Debug|Any CPU.Build.0 = Debug|Any CPU
		{8BF21C2D-5170-4657-8A00-EB51C2616765}.Release|Any CPU.ActiveCfg = Release|Any CPU
		{8BF21C2D-5170-4657-8A00-EB51C2616765}.Release|Any CPU.Build.0 = Release|Any CPU
	EndGlobalSection
	GlobalSection(SolutionProperties) = preSolution
		HideSolutionNode = FALSE
	EndGlobalSection
	GlobalSection(ExtensibilityGlobals) = postSolution
		SolutionGuid = {D70C1356-0798-4CA1-9414-8C0BD6034574}
	EndGlobalSection
EndGlobal
